
Microsoft Visual Studio Solution File, Format Version 12.00
# Visual Studio 15
VisualStudioVersion = 15.0.27703.2026
MinimumVisualStudioVersion = 10.0.40219.1
Project("{FAE04EC0-301F-11D3-BF4B-00C04F79EFBC}") = "Project", "Project\Project.csproj", "{4102BD41-90F8-420F-83C8-C6F9AE72D751}"
EndProject
Global
	GlobalSection(SolutionConfigurationPlatforms) = preSolution
		Debug|Any CPU = Debug|Any CPU
		Release|Any CPU = Release|Any CPU
	EndGlobalSection
	GlobalSection(ProjectConfigurationPlatforms) = postSolution
		{4102BD41-90F8-420F-83C8-C6F9AE72D751}.Debug|Any CPU.ActiveCfg = Debug|Any CPU
		{4102BD41-90F8-420F-83C8-C6F9AE72D751}.Debug|Any CPU.Build.0 = Debug|Any CPU
		{4102BD41-90F8-420F-83C8-C6F9AE72D751}.Release|Any CPU.ActiveCfg = Release|Any CPU
		{4102BD41-90F8-420F-83C8-C6F9AE72D751}.Release|Any CPU.Build.0 = Release|Any CPU
	EndGlobalSection
	GlobalSection(SolutionProperties) = preSolution
		HideSolutionNode = FALSE
	EndGlobalSection
	GlobalSection(ExtensibilityGlobals) = postSolution
		SolutionGuid = {C8A3C90D-4CEE-45FD-9E1C-773F47F6B3AD}
	EndGlobalSection
EndGlobal
